// !$*UTF8*$!
{
	archiveVersion = 1;
	classes = {
	};
	objectVersion = 50;
	objects = {

/* Begin PBXBuildFile section */
		01AEEABA949120AB2E2D9464 /* Pods_infinite_space.framework in Frameworks */ = {isa = PBXBuildFile; fileRef = 15BE4DEC530F7B95249A476C /* Pods_infinite_space.framework */; };
		2C65F96D22555B6100E78529 /* AppDelegate.swift in Sources */ = {isa = PBXBuildFile; fileRef = 2C65F96C22555B6100E78529 /* AppDelegate.swift */; };
		2C65F96F22555B6100E78529 /* ViewController.swift in Sources */ = {isa = PBXBuildFile; fileRef = 2C65F96E22555B6100E78529 /* ViewController.swift */; };
		2C65F97222555B6100E78529 /* Main.storyboard in Resources */ = {isa = PBXBuildFile; fileRef = 2C65F97022555B6100E78529 /* Main.storyboard */; };
		2C65F97422555B6200E78529 /* Assets.xcassets in Resources */ = {isa = PBXBuildFile; fileRef = 2C65F97322555B6200E78529 /* Assets.xcassets */; };
		2C65F97722555B6200E78529 /* LaunchScreen.storyboard in Resources */ = {isa = PBXBuildFile; fileRef = 2C65F97522555B6200E78529 /* LaunchScreen.storyboard */; };
		2C65F98222555B6200E78529 /* infinite_spaceTests.swift in Sources */ = {isa = PBXBuildFile; fileRef = 2C65F98122555B6200E78529 /* infinite_spaceTests.swift */; };
		2C65F98D22555B6200E78529 /* infinite_spaceUITests.swift in Sources */ = {isa = PBXBuildFile; fileRef = 2C65F98C22555B6200E78529 /* infinite_spaceUITests.swift */; };
		5F9A67D725D102F3654A56DA /* Pods_infinite_spaceUITests.framework in Frameworks */ = {isa = PBXBuildFile; fileRef = 364AECC35D4494D9BBF430CA /* Pods_infinite_spaceUITests.framework */; };
		7E9CD23F9FDFEDD379F9E5C9 /* Pods_infinite_spaceTests.framework in Frameworks */ = {isa = PBXBuildFile; fileRef = 47E8D34F7825D98AF9357DB7 /* Pods_infinite_spaceTests.framework */; };
/* End PBXBuildFile section */

/* Begin PBXContainerItemProxy section */
		2C65F97E22555B6200E78529 /* PBXContainerItemProxy */ = {
			isa = PBXContainerItemProxy;
			containerPortal = 2C65F96122555B6100E78529 /* Project object */;
			proxyType = 1;
			remoteGlobalIDString = 2C65F96822555B6100E78529;
			remoteInfo = "infinite-space";
		};
		2C65F98922555B6200E78529 /* PBXContainerItemProxy */ = {
			isa = PBXContainerItemProxy;
			containerPortal = 2C65F96122555B6100E78529 /* Project object */;
			proxyType = 1;
			remoteGlobalIDString = 2C65F96822555B6100E78529;
			remoteInfo = "infinite-space";
		};
/* End PBXContainerItemProxy section */

/* Begin PBXFileReference section */
		03BB3600D38DB707A3A4ACCF /* Pods-infinite-spaceUITests.release.xcconfig */ = {isa = PBXFileReference; includeInIndex = 1; lastKnownFileType = text.xcconfig; name = "Pods-infinite-spaceUITests.release.xcconfig"; path = "Pods/Target Support Files/Pods-infinite-spaceUITests/Pods-infinite-spaceUITests.release.xcconfig"; sourceTree = "<group>"; };
		15BE4DEC530F7B95249A476C /* Pods_infinite_space.framework */ = {isa = PBXFileReference; explicitFileType = wrapper.framework; includeInIndex = 0; path = Pods_infinite_space.framework; sourceTree = BUILT_PRODUCTS_DIR; };
		17BFE5459F16090E860D86F0 /* Pods-infinite-spaceTests.debug.xcconfig */ = {isa = PBXFileReference; includeInIndex = 1; lastKnownFileType = text.xcconfig; name = "Pods-infinite-spaceTests.debug.xcconfig"; path = "Pods/Target Support Files/Pods-infinite-spaceTests/Pods-infinite-spaceTests.debug.xcconfig"; sourceTree = "<group>"; };
		2C65F96922555B6100E78529 /* infinite-space.app */ = {isa = PBXFileReference; explicitFileType = wrapper.application; includeInIndex = 0; path = "infinite-space.app"; sourceTree = BUILT_PRODUCTS_DIR; };
		2C65F96C22555B6100E78529 /* AppDelegate.swift */ = {isa = PBXFileReference; lastKnownFileType = sourcecode.swift; path = AppDelegate.swift; sourceTree = "<group>"; };
		2C65F96E22555B6100E78529 /* ViewController.swift */ = {isa = PBXFileReference; lastKnownFileType = sourcecode.swift; path = ViewController.swift; sourceTree = "<group>"; };
		2C65F97122555B6100E78529 /* Base */ = {isa = PBXFileReference; lastKnownFileType = file.storyboard; name = Base; path = Base.lproj/Main.storyboard; sourceTree = "<group>"; };
		2C65F97322555B6200E78529 /* Assets.xcassets */ = {isa = PBXFileReference; lastKnownFileType = folder.assetcatalog; path = Assets.xcassets; sourceTree = "<group>"; };
		2C65F97622555B6200E78529 /* Base */ = {isa = PBXFileReference; lastKnownFileType = file.storyboard; name = Base; path = Base.lproj/LaunchScreen.storyboard; sourceTree = "<group>"; };
		2C65F97822555B6200E78529 /* Info.plist */ = {isa = PBXFileReference; lastKnownFileType = text.plist.xml; path = Info.plist; sourceTree = "<group>"; };
		2C65F97D22555B6200E78529 /* infinite-spaceTests.xctest */ = {isa = PBXFileReference; explicitFileType = wrapper.cfbundle; includeInIndex = 0; path = "infinite-spaceTests.xctest"; sourceTree = BUILT_PRODUCTS_DIR; };
		2C65F98122555B6200E78529 /* infinite_spaceTests.swift */ = {isa = PBXFileReference; lastKnownFileType = sourcecode.swift; path = infinite_spaceTests.swift; sourceTree = "<group>"; };
		2C65F98322555B6200E78529 /* Info.plist */ = {isa = PBXFileReference; lastKnownFileType = text.plist.xml; path = Info.plist; sourceTree = "<group>"; };
		2C65F98822555B6200E78529 /* infinite-spaceUITests.xctest */ = {isa = PBXFileReference; explicitFileType = wrapper.cfbundle; includeInIndex = 0; path = "infinite-spaceUITests.xctest"; sourceTree = BUILT_PRODUCTS_DIR; };
		2C65F98C22555B6200E78529 /* infinite_spaceUITests.swift */ = {isa = PBXFileReference; lastKnownFileType = sourcecode.swift; path = infinite_spaceUITests.swift; sourceTree = "<group>"; };
		2C65F98E22555B6200E78529 /* Info.plist */ = {isa = PBXFileReference; lastKnownFileType = text.plist.xml; path = Info.plist; sourceTree = "<group>"; };
		364AECC35D4494D9BBF430CA /* Pods_infinite_spaceUITests.framework */ = {isa = PBXFileReference; explicitFileType = wrapper.framework; includeInIndex = 0; path = Pods_infinite_spaceUITests.framework; sourceTree = BUILT_PRODUCTS_DIR; };
		3BFED760197A0FD9FB1DA705 /* Pods-infinite-space.debug.xcconfig */ = {isa = PBXFileReference; includeInIndex = 1; lastKnownFileType = text.xcconfig; name = "Pods-infinite-space.debug.xcconfig"; path = "Pods/Target Support Files/Pods-infinite-space/Pods-infinite-space.debug.xcconfig"; sourceTree = "<group>"; };
		47E8D34F7825D98AF9357DB7 /* Pods_infinite_spaceTests.framework */ = {isa = PBXFileReference; explicitFileType = wrapper.framework; includeInIndex = 0; path = Pods_infinite_spaceTests.framework; sourceTree = BUILT_PRODUCTS_DIR; };
		4E1D02940E7F6EB05A8967E0 /* Pods-infinite-space.release.xcconfig */ = {isa = PBXFileReference; includeInIndex = 1; lastKnownFileType = text.xcconfig; name = "Pods-infinite-space.release.xcconfig"; path = "Pods/Target Support Files/Pods-infinite-space/Pods-infinite-space.release.xcconfig"; sourceTree = "<group>"; };
		67A341D8C95317964A1BDB1B /* Pods-infinite-spaceTests.release.xcconfig */ = {isa = PBXFileReference; includeInIndex = 1; lastKnownFileType = text.xcconfig; name = "Pods-infinite-spaceTests.release.xcconfig"; path = "Pods/Target Support Files/Pods-infinite-spaceTests/Pods-infinite-spaceTests.release.xcconfig"; sourceTree = "<group>"; };
		8C477229199841A60B68C394 /* Pods-infinite-spaceUITests.debug.xcconfig */ = {isa = PBXFileReference; includeInIndex = 1; lastKnownFileType = text.xcconfig; name = "Pods-infinite-spaceUITests.debug.xcconfig"; path = "Pods/Target Support Files/Pods-infinite-spaceUITests/Pods-infinite-spaceUITests.debug.xcconfig"; sourceTree = "<group>"; };
/* End PBXFileReference section */

/* Begin PBXFrameworksBuildPhase section */
		2C65F96622555B6100E78529 /* Frameworks */ = {
			isa = PBXFrameworksBuildPhase;
			buildActionMask = 2147483647;
			files = (
				01AEEABA949120AB2E2D9464 /* Pods_infinite_space.framework in Frameworks */,
			);
			runOnlyForDeploymentPostprocessing = 0;
		};
		2C65F97A22555B6200E78529 /* Frameworks */ = {
			isa = PBXFrameworksBuildPhase;
			buildActionMask = 2147483647;
			files = (
				7E9CD23F9FDFEDD379F9E5C9 /* Pods_infinite_spaceTests.framework in Frameworks */,
			);
			runOnlyForDeploymentPostprocessing = 0;
		};
		2C65F98522555B6200E78529 /* Frameworks */ = {
			isa = PBXFrameworksBuildPhase;
			buildActionMask = 2147483647;
			files = (
				5F9A67D725D102F3654A56DA /* Pods_infinite_spaceUITests.framework in Frameworks */,
			);
			runOnlyForDeploymentPostprocessing = 0;
		};
/* End PBXFrameworksBuildPhase section */

/* Begin PBXGroup section */
		2C65F96022555B6100E78529 = {
			isa = PBXGroup;
			children = (
				2C65F96B22555B6100E78529 /* infinite-space */,
				2C65F98022555B6200E78529 /* infinite-spaceTests */,
				2C65F98B22555B6200E78529 /* infinite-spaceUITests */,
				2C65F96A22555B6100E78529 /* Products */,
				69DECC2B781D3FF773EFA855 /* Pods */,
				DD6AA96E9684A1361CE259F1 /* Frameworks */,
			);
			sourceTree = "<group>";
		};
		2C65F96A22555B6100E78529 /* Products */ = {
			isa = PBXGroup;
			children = (
				2C65F96922555B6100E78529 /* infinite-space.app */,
				2C65F97D22555B6200E78529 /* infinite-spaceTests.xctest */,
				2C65F98822555B6200E78529 /* infinite-spaceUITests.xctest */,
			);
			name = Products;
			sourceTree = "<group>";
		};
		2C65F96B22555B6100E78529 /* infinite-space */ = {
			isa = PBXGroup;
			children = (
				2C65F96C22555B6100E78529 /* AppDelegate.swift */,
				2C65F96E22555B6100E78529 /* ViewController.swift */,
				2C65F97022555B6100E78529 /* Main.storyboard */,
				2C65F97322555B6200E78529 /* Assets.xcassets */,
				2C65F97522555B6200E78529 /* LaunchScreen.storyboard */,
				2C65F97822555B6200E78529 /* Info.plist */,
			);
			path = "infinite-space";
			sourceTree = "<group>";
		};
		2C65F98022555B6200E78529 /* infinite-spaceTests */ = {
			isa = PBXGroup;
			children = (
				2C65F98122555B6200E78529 /* infinite_spaceTests.swift */,
				2C65F98322555B6200E78529 /* Info.plist */,
			);
			path = "infinite-spaceTests";
			sourceTree = "<group>";
		};
		2C65F98B22555B6200E78529 /* infinite-spaceUITests */ = {
			isa = PBXGroup;
			children = (
				2C65F98C22555B6200E78529 /* infinite_spaceUITests.swift */,
				2C65F98E22555B6200E78529 /* Info.plist */,
			);
			path = "infinite-spaceUITests";
			sourceTree = "<group>";
		};
		69DECC2B781D3FF773EFA855 /* Pods */ = {
			isa = PBXGroup;
			children = (
				3BFED760197A0FD9FB1DA705 /* Pods-infinite-space.debug.xcconfig */,
				4E1D02940E7F6EB05A8967E0 /* Pods-infinite-space.release.xcconfig */,
				17BFE5459F16090E860D86F0 /* Pods-infinite-spaceTests.debug.xcconfig */,
				67A341D8C95317964A1BDB1B /* Pods-infinite-spaceTests.release.xcconfig */,
				8C477229199841A60B68C394 /* Pods-infinite-spaceUITests.debug.xcconfig */,
				03BB3600D38DB707A3A4ACCF /* Pods-infinite-spaceUITests.release.xcconfig */,
			);
			name = Pods;
			sourceTree = "<group>";
		};
		DD6AA96E9684A1361CE259F1 /* Frameworks */ = {
			isa = PBXGroup;
			children = (
				15BE4DEC530F7B95249A476C /* Pods_infinite_space.framework */,
				47E8D34F7825D98AF9357DB7 /* Pods_infinite_spaceTests.framework */,
				364AECC35D4494D9BBF430CA /* Pods_infinite_spaceUITests.framework */,
			);
			name = Frameworks;
			sourceTree = "<group>";
		};
/* End PBXGroup section */

/* Begin PBXNativeTarget section */
		2C65F96822555B6100E78529 /* infinite-space */ = {
			isa = PBXNativeTarget;
			buildConfigurationList = 2C65F99122555B6200E78529 /* Build configuration list for PBXNativeTarget "infinite-space" */;
			buildPhases = (
				B71DC3BD99FC1A6B05CDE7C9 /* [CP] Check Pods Manifest.lock */,
				2C65F96522555B6100E78529 /* Sources */,
				2C65F96622555B6100E78529 /* Frameworks */,
				2C65F96722555B6100E78529 /* Resources */,
				3F3CBA06AB30C707DA954B4E /* [CP] Embed Pods Frameworks */,
			);
			buildRules = (
			);
			dependencies = (
			);
			name = "infinite-space";
			productName = "infinite-space";
			productReference = 2C65F96922555B6100E78529 /* infinite-space.app */;
			productType = "com.apple.product-type.application";
		};
		2C65F97C22555B6200E78529 /* infinite-spaceTests */ = {
			isa = PBXNativeTarget;
			buildConfigurationList = 2C65F99422555B6200E78529 /* Build configuration list for PBXNativeTarget "infinite-spaceTests" */;
			buildPhases = (
				9A2215216218FDDBC3A63127 /* [CP] Check Pods Manifest.lock */,
				2C65F97922555B6200E78529 /* Sources */,
				2C65F97A22555B6200E78529 /* Frameworks */,
				2C65F97B22555B6200E78529 /* Resources */,
			);
			buildRules = (
			);
			dependencies = (
				2C65F97F22555B6200E78529 /* PBXTargetDependency */,
			);
			name = "infinite-spaceTests";
			productName = "infinite-spaceTests";
			productReference = 2C65F97D22555B6200E78529 /* infinite-spaceTests.xctest */;
			productType = "com.apple.product-type.bundle.unit-test";
		};
		2C65F98722555B6200E78529 /* infinite-spaceUITests */ = {
			isa = PBXNativeTarget;
			buildConfigurationList = 2C65F99722555B6200E78529 /* Build configuration list for PBXNativeTarget "infinite-spaceUITests" */;
			buildPhases = (
				69DEDA2FC6C57D2533812E6E /* [CP] Check Pods Manifest.lock */,
				2C65F98422555B6200E78529 /* Sources */,
				2C65F98522555B6200E78529 /* Frameworks */,
				2C65F98622555B6200E78529 /* Resources */,
			);
			buildRules = (
			);
			dependencies = (
				2C65F98A22555B6200E78529 /* PBXTargetDependency */,
			);
			name = "infinite-spaceUITests";
			productName = "infinite-spaceUITests";
			productReference = 2C65F98822555B6200E78529 /* infinite-spaceUITests.xctest */;
			productType = "com.apple.product-type.bundle.ui-testing";
		};
/* End PBXNativeTarget section */

/* Begin PBXProject section */
		2C65F96122555B6100E78529 /* Project object */ = {
			isa = PBXProject;
			attributes = {
				LastSwiftUpdateCheck = 1010;
				LastUpgradeCheck = 1010;
				ORGANIZATIONNAME = "aincrad-online";
				TargetAttributes = {
					2C65F96822555B6100E78529 = {
						CreatedOnToolsVersion = 10.1;
					};
					2C65F97C22555B6200E78529 = {
						CreatedOnToolsVersion = 10.1;
						TestTargetID = 2C65F96822555B6100E78529;
					};
					2C65F98722555B6200E78529 = {
						CreatedOnToolsVersion = 10.1;
						TestTargetID = 2C65F96822555B6100E78529;
					};
				};
			};
			buildConfigurationList = 2C65F96422555B6100E78529 /* Build configuration list for PBXProject "infinite-space" */;
			compatibilityVersion = "Xcode 9.3";
			developmentRegion = en;
			hasScannedForEncodings = 0;
			knownRegions = (
				en,
				Base,
			);
			mainGroup = 2C65F96022555B6100E78529;
			productRefGroup = 2C65F96A22555B6100E78529 /* Products */;
			projectDirPath = "";
			projectRoot = "";
			targets = (
				2C65F96822555B6100E78529 /* infinite-space */,
				2C65F97C22555B6200E78529 /* infinite-spaceTests */,
				2C65F98722555B6200E78529 /* infinite-spaceUITests */,
			);
		};
/* End PBXProject section */

/* Begin PBXResourcesBuildPhase section */
		2C65F96722555B6100E78529 /* Resources */ = {
			isa = PBXResourcesBuildPhase;
			buildActionMask = 2147483647;
			files = (
				2C65F97722555B6200E78529 /* LaunchScreen.storyboard in Resources */,
				2C65F97422555B6200E78529 /* Assets.xcassets in Resources */,
				2C65F97222555B6100E78529 /* Main.storyboard in Resources */,
			);
			runOnlyForDeploymentPostprocessing = 0;
		};
		2C65F97B22555B6200E78529 /* Resources */ = {
			isa = PBXResourcesBuildPhase;
			buildActionMask = 2147483647;
			files = (
			);
			runOnlyForDeploymentPostprocessing = 0;
		};
		2C65F98622555B6200E78529 /* Resources */ = {
			isa = PBXResourcesBuildPhase;
			buildActionMask = 2147483647;
			files = (
			);
			runOnlyForDeploymentPostprocessing = 0;
		};
/* End PBXResourcesBuildPhase section */

/* Begin PBXShellScriptBuildPhase section */
		3F3CBA06AB30C707DA954B4E /* [CP] Embed Pods Frameworks */ = {
			isa = PBXShellScriptBuildPhase;
			buildActionMask = 2147483647;
			files = (
			);
			inputFileListPaths = (
			);
			inputPaths = (
				"${SRCROOT}/Pods/Target Support Files/Pods-infinite-space/Pods-infinite-space-frameworks.sh",
				"${BUILT_PRODUCTS_DIR}/Alamofire/Alamofire.framework",
				"${BUILT_PRODUCTS_DIR}/AlamofireImage/AlamofireImage.framework",
				"${BUILT_PRODUCTS_DIR}/Bolts/Bolts.framework",
				"${BUILT_PRODUCTS_DIR}/Parse/Parse.framework",
			);
			name = "[CP] Embed Pods Frameworks";
			outputFileListPaths = (
			);
			outputPaths = (
				"${TARGET_BUILD_DIR}/${FRAMEWORKS_FOLDER_PATH}/Alamofire.framework",
				"${TARGET_BUILD_DIR}/${FRAMEWORKS_FOLDER_PATH}/AlamofireImage.framework",
				"${TARGET_BUILD_DIR}/${FRAMEWORKS_FOLDER_PATH}/Bolts.framework",
				"${TARGET_BUILD_DIR}/${FRAMEWORKS_FOLDER_PATH}/Parse.framework",
			);
			runOnlyForDeploymentPostprocessing = 0;
			shellPath = /bin/sh;
			shellScript = "\"${SRCROOT}/Pods/Target Support Files/Pods-infinite-space/Pods-infinite-space-frameworks.sh\"\n";
			showEnvVarsInLog = 0;
		};
		69DEDA2FC6C57D2533812E6E /* [CP] Check Pods Manifest.lock */ = {
			isa = PBXShellScriptBuildPhase;
			buildActionMask = 2147483647;
			files = (
			);
			inputFileListPaths = (
			);
			inputPaths = (
				"${PODS_PODFILE_DIR_PATH}/Podfile.lock",
				"${PODS_ROOT}/Manifest.lock",
			);
			name = "[CP] Check Pods Manifest.lock";
			outputFileListPaths = (
			);
			outputPaths = (
				"$(DERIVED_FILE_DIR)/Pods-infinite-spaceUITests-checkManifestLockResult.txt",
			);
			runOnlyForDeploymentPostprocessing = 0;
			shellPath = /bin/sh;
			shellScript = "diff \"${PODS_PODFILE_DIR_PATH}/Podfile.lock\" \"${PODS_ROOT}/Manifest.lock\" > /dev/null\nif [ $? != 0 ] ; then\n    # print error to STDERR\n    echo \"error: The sandbox is not in sync with the Podfile.lock. Run 'pod install' or update your CocoaPods installation.\" >&2\n    exit 1\nfi\n# This output is used by Xcode 'outputs' to avoid re-running this script phase.\necho \"SUCCESS\" > \"${SCRIPT_OUTPUT_FILE_0}\"\n";
			showEnvVarsInLog = 0;
		};
		9A2215216218FDDBC3A63127 /* [CP] Check Pods Manifest.lock */ = {
			isa = PBXShellScriptBuildPhase;
			buildActionMask = 2147483647;
			files = (
			);
			inputFileListPaths = (
			);
			inputPaths = (
				"${PODS_PODFILE_DIR_PATH}/Podfile.lock",
				"${PODS_ROOT}/Manifest.lock",
			);
			name = "[CP] Check Pods Manifest.lock";
			outputFileListPaths = (
			);
			outputPaths = (
				"$(DERIVED_FILE_DIR)/Pods-infinite-spaceTests-checkManifestLockResult.txt",
			);
			runOnlyForDeploymentPostprocessing = 0;
			shellPath = /bin/sh;
			shellScript = "diff \"${PODS_PODFILE_DIR_PATH}/Podfile.lock\" \"${PODS_ROOT}/Manifest.lock\" > /dev/null\nif [ $? != 0 ] ; then\n    # print error to STDERR\n    echo \"error: The sandbox is not in sync with the Podfile.lock. Run 'pod install' or update your CocoaPods installation.\" >&2\n    exit 1\nfi\n# This output is used by Xcode 'outputs' to avoid re-running this script phase.\necho \"SUCCESS\" > \"${SCRIPT_OUTPUT_FILE_0}\"\n";
			showEnvVarsInLog = 0;
		};
		B71DC3BD99FC1A6B05CDE7C9 /* [CP] Check Pods Manifest.lock */ = {
			isa = PBXShellScriptBuildPhase;
			buildActionMask = 2147483647;
			files = (
			);
			inputFileListPaths = (
			);
			inputPaths = (
				"${PODS_PODFILE_DIR_PATH}/Podfile.lock",
				"${PODS_ROOT}/Manifest.lock",
			);
			name = "[CP] Check Pods Manifest.lock";
			outputFileListPaths = (
			);
			outputPaths = (
				"$(DERIVED_FILE_DIR)/Pods-infinite-space-checkManifestLockResult.txt",
			);
			runOnlyForDeploymentPostprocessing = 0;
			shellPath = /bin/sh;
			shellScript = "diff \"${PODS_PODFILE_DIR_PATH}/Podfile.lock\" \"${PODS_ROOT}/Manifest.lock\" > /dev/null\nif [ $? != 0 ] ; then\n    # print error to STDERR\n    echo \"error: The sandbox is not in sync with the Podfile.lock. Run 'pod install' or update your CocoaPods installation.\" >&2\n    exit 1\nfi\n# This output is used by Xcode 'outputs' to avoid re-running this script phase.\necho \"SUCCESS\" > \"${SCRIPT_OUTPUT_FILE_0}\"\n";
			showEnvVarsInLog = 0;
		};
/* End PBXShellScriptBuildPhase section */

/* Begin PBXSourcesBuildPhase section */
		2C65F96522555B6100E78529 /* Sources */ = {
			isa = PBXSourcesBuildPhase;
			buildActionMask = 2147483647;
			files = (
				2C65F96F22555B6100E78529 /* ViewController.swift in Sources */,
				2C65F96D22555B6100E78529 /* AppDelegate.swift in Sources */,
			);
			runOnlyForDeploymentPostprocessing = 0;
		};
		2C65F97922555B6200E78529 /* Sources */ = {
			isa = PBXSourcesBuildPhase;
			buildActionMask = 2147483647;
			files = (
				2C65F98222555B6200E78529 /* infinite_spaceTests.swift in Sources */,
			);
			runOnlyForDeploymentPostprocessing = 0;
		};
		2C65F98422555B6200E78529 /* Sources */ = {
			isa = PBXSourcesBuildPhase;
			buildActionMask = 2147483647;
			files = (
				2C65F98D22555B6200E78529 /* infinite_spaceUITests.swift in Sources */,
			);
			runOnlyForDeploymentPostprocessing = 0;
		};
/* End PBXSourcesBuildPhase section */

/* Begin PBXTargetDependency section */
		2C65F97F22555B6200E78529 /* PBXTargetDependency */ = {
			isa = PBXTargetDependency;
			target = 2C65F96822555B6100E78529 /* infinite-space */;
			targetProxy = 2C65F97E22555B6200E78529 /* PBXContainerItemProxy */;
		};
		2C65F98A22555B6200E78529 /* PBXTargetDependency */ = {
			isa = PBXTargetDependency;
			target = 2C65F96822555B6100E78529 /* infinite-space */;
			targetProxy = 2C65F98922555B6200E78529 /* PBXContainerItemProxy */;
		};
/* End PBXTargetDependency section */

/* Begin PBXVariantGroup section */
		2C65F97022555B6100E78529 /* Main.storyboard */ = {
			isa = PBXVariantGroup;
			children = (
				2C65F97122555B6100E78529 /* Base */,
			);
			name = Main.storyboard;
			sourceTree = "<group>";
		};
		2C65F97522555B6200E78529 /* LaunchScreen.storyboard */ = {
			isa = PBXVariantGroup;
			children = (
				2C65F97622555B6200E78529 /* Base */,
			);
			name = LaunchScreen.storyboard;
			sourceTree = "<group>";
		};
/* End PBXVariantGroup section */

/* Begin XCBuildConfiguration section */
		2C65F98F22555B6200E78529 /* Debug */ = {
			isa = XCBuildConfiguration;
			buildSettings = {
				ALWAYS_SEARCH_USER_PATHS = NO;
				CLANG_ANALYZER_NONNULL = YES;
				CLANG_ANALYZER_NUMBER_OBJECT_CONVERSION = YES_AGGRESSIVE;
				CLANG_CXX_LANGUAGE_STANDARD = "gnu++14";
				CLANG_CXX_LIBRARY = "libc++";
				CLANG_ENABLE_MODULES = YES;
				CLANG_ENABLE_OBJC_ARC = YES;
				CLANG_ENABLE_OBJC_WEAK = YES;
				CLANG_WARN_BLOCK_CAPTURE_AUTORELEASING = YES;
				CLANG_WARN_BOOL_CONVERSION = YES;
				CLANG_WARN_COMMA = YES;
				CLANG_WARN_CONSTANT_CONVERSION = YES;
				CLANG_WARN_DEPRECATED_OBJC_IMPLEMENTATIONS = YES;
				CLANG_WARN_DIRECT_OBJC_ISA_USAGE = YES_ERROR;
				CLANG_WARN_DOCUMENTATION_COMMENTS = YES;
				CLANG_WARN_EMPTY_BODY = YES;
				CLANG_WARN_ENUM_CONVERSION = YES;
				CLANG_WARN_INFINITE_RECURSION = YES;
				CLANG_WARN_INT_CONVERSION = YES;
				CLANG_WARN_NON_LITERAL_NULL_CONVERSION = YES;
				CLANG_WARN_OBJC_IMPLICIT_RETAIN_SELF = YES;
				CLANG_WARN_OBJC_LITERAL_CONVERSION = YES;
				CLANG_WARN_OBJC_ROOT_CLASS = YES_ERROR;
				CLANG_WARN_RANGE_LOOP_ANALYSIS = YES;
				CLANG_WARN_STRICT_PROTOTYPES = YES;
				CLANG_WARN_SUSPICIOUS_MOVE = YES;
				CLANG_WARN_UNGUARDED_AVAILABILITY = YES_AGGRESSIVE;
				CLANG_WARN_UNREACHABLE_CODE = YES;
				CLANG_WARN__DUPLICATE_METHOD_MATCH = YES;
				CODE_SIGN_IDENTITY = "iPhone Developer";
				COPY_PHASE_STRIP = NO;
				DEBUG_INFORMATION_FORMAT = dwarf;
				ENABLE_STRICT_OBJC_MSGSEND = YES;
				ENABLE_TESTABILITY = YES;
				GCC_C_LANGUAGE_STANDARD = gnu11;
				GCC_DYNAMIC_NO_PIC = NO;
				GCC_NO_COMMON_BLOCKS = YES;
				GCC_OPTIMIZATION_LEVEL = 0;
				GCC_PREPROCESSOR_DEFINITIONS = (
					"DEBUG=1",
					"$(inherited)",
				);
				GCC_WARN_64_TO_32_BIT_CONVERSION = YES;
				GCC_WARN_ABOUT_RETURN_TYPE = YES_ERROR;
				GCC_WARN_UNDECLARED_SELECTOR = YES;
				GCC_WARN_UNINITIALIZED_AUTOS = YES_AGGRESSIVE;
				GCC_WARN_UNUSED_FUNCTION = YES;
				GCC_WARN_UNUSED_VARIABLE = YES;
				IPHONEOS_DEPLOYMENT_TARGET = 12.1;
				MTL_ENABLE_DEBUG_INFO = INCLUDE_SOURCE;
				MTL_FAST_MATH = YES;
				ONLY_ACTIVE_ARCH = YES;
				SDKROOT = iphoneos;
				SWIFT_ACTIVE_COMPILATION_CONDITIONS = DEBUG;
				SWIFT_OPTIMIZATION_LEVEL = "-Onone";
			};
			name = Debug;
		};
		2C65F99022555B6200E78529 /* Release */ = {
			isa = XCBuildConfiguration;
			buildSettings = {
				ALWAYS_SEARCH_USER_PATHS = NO;
				CLANG_ANALYZER_NONNULL = YES;
				CLANG_ANALYZER_NUMBER_OBJECT_CONVERSION = YES_AGGRESSIVE;
				CLANG_CXX_LANGUAGE_STANDARD = "gnu++14";
				CLANG_CXX_LIBRARY = "libc++";
				CLANG_ENABLE_MODULES = YES;
				CLANG_ENABLE_OBJC_ARC = YES;
				CLANG_ENABLE_OBJC_WEAK = YES;
				CLANG_WARN_BLOCK_CAPTURE_AUTORELEASING = YES;
				CLANG_WARN_BOOL_CONVERSION = YES;
				CLANG_WARN_COMMA = YES;
				CLANG_WARN_CONSTANT_CONVERSION = YES;
				CLANG_WARN_DEPRECATED_OBJC_IMPLEMENTATIONS = YES;
				CLANG_WARN_DIRECT_OBJC_ISA_USAGE = YES_ERROR;
				CLANG_WARN_DOCUMENTATION_COMMENTS = YES;
				CLANG_WARN_EMPTY_BODY = YES;
				CLANG_WARN_ENUM_CONVERSION = YES;
				CLANG_WARN_INFINITE_RECURSION = YES;
				CLANG_WARN_INT_CONVERSION = YES;
				CLANG_WARN_NON_LITERAL_NULL_CONVERSION = YES;
				CLANG_WARN_OBJC_IMPLICIT_RETAIN_SELF = YES;
				CLANG_WARN_OBJC_LITERAL_CONVERSION = YES;
				CLANG_WARN_OBJC_ROOT_CLASS = YES_ERROR;
				CLANG_WARN_RANGE_LOOP_ANALYSIS = YES;
				CLANG_WARN_STRICT_PROTOTYPES = YES;
				CLANG_WARN_SUSPICIOUS_MOVE = YES;
				CLANG_WARN_UNGUARDED_AVAILABILITY = YES_AGGRESSIVE;
				CLANG_WARN_UNREACHABLE_CODE = YES;
				CLANG_WARN__DUPLICATE_METHOD_MATCH = YES;
				CODE_SIGN_IDENTITY = "iPhone Developer";
				COPY_PHASE_STRIP = NO;
				DEBUG_INFORMATION_FORMAT = "dwarf-with-dsym";
				ENABLE_NS_ASSERTIONS = NO;
				ENABLE_STRICT_OBJC_MSGSEND = YES;
				GCC_C_LANGUAGE_STANDARD = gnu11;
				GCC_NO_COMMON_BLOCKS = YES;
				GCC_WARN_64_TO_32_BIT_CONVERSION = YES;
				GCC_WARN_ABOUT_RETURN_TYPE = YES_ERROR;
				GCC_WARN_UNDECLARED_SELECTOR = YES;
				GCC_WARN_UNINITIALIZED_AUTOS = YES_AGGRESSIVE;
				GCC_WARN_UNUSED_FUNCTION = YES;
				GCC_WARN_UNUSED_VARIABLE = YES;
				IPHONEOS_DEPLOYMENT_TARGET = 12.1;
				MTL_ENABLE_DEBUG_INFO = NO;
				MTL_FAST_MATH = YES;
				SDKROOT = iphoneos;
				SWIFT_COMPILATION_MODE = wholemodule;
				SWIFT_OPTIMIZATION_LEVEL = "-O";
				VALIDATE_PRODUCT = YES;
			};
			name = Release;
		};
		2C65F99222555B6200E78529 /* Debug */ = {
			isa = XCBuildConfiguration;
			baseConfigurationReference = 3BFED760197A0FD9FB1DA705 /* Pods-infinite-space.debug.xcconfig */;
			buildSettings = {
				ASSETCATALOG_COMPILER_APPICON_NAME = AppIcon;
				CODE_SIGN_STYLE = Automatic;
				INFOPLIST_FILE = "infinite-space/Info.plist";
				LD_RUNPATH_SEARCH_PATHS = (
					"$(inherited)",
					"@executable_path/Frameworks",
				);
				PRODUCT_BUNDLE_IDENTIFIER = "aincrad-online.infinite-space";
				PRODUCT_NAME = "$(TARGET_NAME)";
				SWIFT_VERSION = 4.2;
				TARGETED_DEVICE_FAMILY = "1,2";
			};
			name = Debug;
		};
		2C65F99322555B6200E78529 /* Release */ = {
			isa = XCBuildConfiguration;
			baseConfigurationReference = 4E1D02940E7F6EB05A8967E0 /* Pods-infinite-space.release.xcconfig */;
			buildSettings = {
				ASSETCATALOG_COMPILER_APPICON_NAME = AppIcon;
				CODE_SIGN_STYLE = Automatic;
				INFOPLIST_FILE = "infinite-space/Info.plist";
				LD_RUNPATH_SEARCH_PATHS = (
					"$(inherited)",
					"@executable_path/Frameworks",
				);
				PRODUCT_BUNDLE_IDENTIFIER = "aincrad-online.infinite-space";
				PRODUCT_NAME = "$(TARGET_NAME)";
				SWIFT_VERSION = 4.2;
				TARGETED_DEVICE_FAMILY = "1,2";
			};
			name = Release;
		};
		2C65F99522555B6200E78529 /* Debug */ = {
			isa = XCBuildConfiguration;
			baseConfigurationReference = 17BFE5459F16090E860D86F0 /* Pods-infinite-spaceTests.debug.xcconfig */;
			buildSettings = {
				ALWAYS_EMBED_SWIFT_STANDARD_LIBRARIES = YES;
				BUNDLE_LOADER = "$(TEST_HOST)";
				CODE_SIGN_STYLE = Automatic;
				INFOPLIST_FILE = "infinite-spaceTests/Info.plist";
				LD_RUNPATH_SEARCH_PATHS = (
					"$(inherited)",
					"@executable_path/Frameworks",
					"@loader_path/Frameworks",
				);
				PRODUCT_BUNDLE_IDENTIFIER = "aincrad-online.infinite-spaceTests";
				PRODUCT_NAME = "$(TARGET_NAME)";
				SWIFT_VERSION = 4.2;
				TARGETED_DEVICE_FAMILY = "1,2";
				TEST_HOST = "$(BUILT_PRODUCTS_DIR)/infinite-space.app/infinite-space";
			};
			name = Debug;
		};
		2C65F99622555B6200E78529 /* Release */ = {
			isa = XCBuildConfiguration;
			baseConfigurationReference = 67A341D8C95317964A1BDB1B /* Pods-infinite-spaceTests.release.xcconfig */;
			buildSettings = {
				ALWAYS_EMBED_SWIFT_STANDARD_LIBRARIES = YES;
				BUNDLE_LOADER = "$(TEST_HOST)";
				CODE_SIGN_STYLE = Automatic;
				INFOPLIST_FILE = "infinite-spaceTests/Info.plist";
				LD_RUNPATH_SEARCH_PATHS = (
					"$(inherited)",
					"@executable_path/Frameworks",
					"@loader_path/Frameworks",
				);
				PRODUCT_BUNDLE_IDENTIFIER = "aincrad-online.infinite-spaceTests";
				PRODUCT_NAME = "$(TARGET_NAME)";
				SWIFT_VERSION = 4.2;
				TARGETED_DEVICE_FAMILY = "1,2";
				TEST_HOST = "$(BUILT_PRODUCTS_DIR)/infinite-space.app/infinite-space";
			};
			name = Release;
		};
		2C65F99822555B6200E78529 /* Debug */ = {
			isa = XCBuildConfiguration;
			baseConfigurationReference = 8C477229199841A60B68C394 /* Pods-infinite-spaceUITests.debug.xcconfig */;
			buildSettings = {
				ALWAYS_EMBED_SWIFT_STANDARD_LIBRARIES = YES;
				CODE_SIGN_STYLE = Automatic;
				INFOPLIST_FILE = "infinite-spaceUITests/Info.plist";
				LD_RUNPATH_SEARCH_PATHS = (
					"$(inherited)",
					"@executable_path/Frameworks",
					"@loader_path/Frameworks",
				);
				PRODUCT_BUNDLE_IDENTIFIER = "aincrad-online.infinite-spaceUITests";
				PRODUCT_NAME = "$(TARGET_NAME)";
				SWIFT_VERSION = 4.2;
				TARGETED_DEVICE_FAMILY = "1,2";
				TEST_TARGET_NAME = "infinite-space";
			};
			name = Debug;
		};
		2C65F99922555B6200E78529 /* Release */ = {
			isa = XCBuildConfiguration;
			baseConfigurationReference = 03BB3600D38DB707A3A4ACCF /* Pods-infinite-spaceUITests.release.xcconfig */;
			buildSettings = {
				ALWAYS_EMBED_SWIFT_STANDARD_LIBRARIES = YES;
				CODE_SIGN_STYLE = Automatic;
				INFOPLIST_FILE = "infinite-spaceUITests/Info.plist";
				LD_RUNPATH_SEARCH_PATHS = (
					"$(inherited)",
					"@executable_path/Frameworks",
					"@loader_path/Frameworks",
				);
				PRODUCT_BUNDLE_IDENTIFIER = "aincrad-online.infinite-spaceUITests";
				PRODUCT_NAME = "$(TARGET_NAME)";
				SWIFT_VERSION = 4.2;
				TARGETED_DEVICE_FAMILY = "1,2";
				TEST_TARGET_NAME = "infinite-space";
			};
			name = Release;
		};
/* End XCBuildConfiguration section */

/* Begin XCConfigurationList section */
		2C65F96422555B6100E78529 /* Build configuration list for PBXProject "infinite-space" */ = {
			isa = XCConfigurationList;
			buildConfigurations = (
				2C65F98F22555B6200E78529 /* Debug */,
				2C65F99022555B6200E78529 /* Release */,
			);
			defaultConfigurationIsVisible = 0;
			defaultConfigurationName = Release;
		};
		2C65F99122555B6200E78529 /* Build configuration list for PBXNativeTarget "infinite-space" */ = {
			isa = XCConfigurationList;
			buildConfigurations = (
				2C65F99222555B6200E78529 /* Debug */,
				2C65F99322555B6200E78529 /* Release */,
			);
			defaultConfigurationIsVisible = 0;
			defaultConfigurationName = Release;
		};
		2C65F99422555B6200E78529 /* Build configuration list for PBXNativeTarget "infinite-spaceTests" */ = {
			isa = XCConfigurationList;
			buildConfigurations = (
				2C65F99522555B6200E78529 /* Debug */,
				2C65F99622555B6200E78529 /* Release */,
			);
			defaultConfigurationIsVisible = 0;
			defaultConfigurationName = Release;
		};
		2C65F99722555B6200E78529 /* Build configuration list for PBXNativeTarget "infinite-spaceUITests" */ = {
			isa = XCConfigurationList;
			buildConfigurations = (
				2C65F99822555B6200E78529 /* Debug */,
				2C65F99922555B6200E78529 /* Release */,
			);
			defaultConfigurationIsVisible = 0;
			defaultConfigurationName = Release;
		};
/* End XCConfigurationList section */
	};
	rootObject = 2C65F96122555B6100E78529 /* Project object */;
}
